
Microsoft Visual Studio Solution File, Format Version 12.00
# Visual Studio Version 16
VisualStudioVersion = 16.0.29613.14
MinimumVisualStudioVersion = 10.0.40219.1
Project("{FAE04EC0-301F-11D3-BF4B-00C04F79EFBC}") = "ProjetoTeste", "ProjetoTeste\ProjetoTeste.csproj", "{070AF57D-EF0A-4544-B78B-BCFA47263B82}"
EndProject
Global
	GlobalSection(SolutionConfigurationPlatforms) = preSolution
		Debug|Any CPU = Debug|Any CPU
		Release|Any CPU = Release|Any CPU
	EndGlobalSection
	GlobalSection(ProjectConfigurationPlatforms) = postSolution
		{070AF57D-EF0A-4544-B78B-BCFA47263B82}.Debug|Any CPU.ActiveCfg = Debug|Any CPU
		{070AF57D-EF0A-4544-B78B-BCFA47263B82}.Debug|Any CPU.Build.0 = Debug|Any CPU
		{070AF57D-EF0A-4544-B78B-BCFA47263B82}.Release|Any CPU.ActiveCfg = Release|Any CPU
		{070AF57D-EF0A-4544-B78B-BCFA47263B82}.Release|Any CPU.Build.0 = Release|Any CPU
	EndGlobalSection
	GlobalSection(SolutionProperties) = preSolution
		HideSolutionNode = FALSE
	EndGlobalSection
	GlobalSection(ExtensibilityGlobals) = postSolution
		SolutionGuid = {8886F0B8-B73D-46AC-AAC2-8667D2987E51}
	EndGlobalSection
EndGlobal
